
Microsoft Visual Studio Solution File, Format Version 12.00
# Visual Studio Version 17
VisualStudioVersion = 17.2.32630.192
MinimumVisualStudioVersion = 10.0.40219.1
Project("{FAE04EC0-301F-11D3-BF4B-00C04F79EFBC}") = "FizzBuzz2025-HealthPartners", "FizzBuzz2025-HealthPartners\FizzBuzz2025-HealthPartners.csproj", "{7D5453DD-7863-4DE9-9721-C8BAAA4D5320}"
EndProject
Project("{FAE04EC0-301F-11D3-BF4B-00C04F79EFBC}") = "Tests", "Tests\Tests.csproj", "{44459EB1-AE3A-486B-856B-1C438A149F5F}"
EndProject
Project("{9A19103F-16F7-4668-BE54-9A1E7A4F7556}") = "FizzBuzzTDD", "FizzBuzz2025-HealthPartners\FizzBuzzTDD.csproj", "{3939012E-4073-494E-A4FA-E525C795B589}"
EndProject
Global
	GlobalSection(SolutionConfigurationPlatforms) = preSolution
		Debug|Any CPU = Debug|Any CPU
		Release|Any CPU = Release|Any CPU
	EndGlobalSection
	GlobalSection(ProjectConfigurationPlatforms) = postSolution
		{7D5453DD-7863-4DE9-9721-C8BAAA4D5320}.Debug|Any CPU.ActiveCfg = Debug|Any CPU
		{7D5453DD-7863-4DE9-9721-C8BAAA4D5320}.Debug|Any CPU.Build.0 = Debug|Any CPU
		{7D5453DD-7863-4DE9-9721-C8BAAA4D5320}.Release|Any CPU.ActiveCfg = Release|Any CPU
		{7D5453DD-7863-4DE9-9721-C8BAAA4D5320}.Release|Any CPU.Build.0 = Release|Any CPU
		{44459EB1-AE3A-486B-856B-1C438A149F5F}.Debug|Any CPU.ActiveCfg = Debug|Any CPU
		{44459EB1-AE3A-486B-856B-1C438A149F5F}.Debug|Any CPU.Build.0 = Debug|Any CPU
		{44459EB1-AE3A-486B-856B-1C438A149F5F}.Release|Any CPU.ActiveCfg = Release|Any CPU
		{44459EB1-AE3A-486B-856B-1C438A149F5F}.Release|Any CPU.Build.0 = Release|Any CPU
		{3939012E-4073-494E-A4FA-E525C795B589}.Debug|Any CPU.ActiveCfg = Debug|Any CPU
		{3939012E-4073-494E-A4FA-E525C795B589}.Debug|Any CPU.Build.0 = Debug|Any CPU
		{3939012E-4073-494E-A4FA-E525C795B589}.Release|Any CPU.ActiveCfg = Release|Any CPU
		{3939012E-4073-494E-A4FA-E525C795B589}.Release|Any CPU.Build.0 = Release|Any CPU
	EndGlobalSection
	GlobalSection(SolutionProperties) = preSolution
		HideSolutionNode = FALSE
	EndGlobalSection
	GlobalSection(ExtensibilityGlobals) = postSolution
		SolutionGuid = {87297921-22DD-449C-852C-2424D8ACDA2A}
	EndGlobalSection
EndGlobal
